
Microsoft Visual Studio Solution File, Format Version 12.00
# Visual Studio 15
VisualStudioVersion = 15.0.27703.2000
MinimumVisualStudioVersion = 10.0.40219.1
Project("{FAE04EC0-301F-11D3-BF4B-00C04F79EFBC}") = "ThronesTournamentConsole", "ThronesTournamentConsole\ThronesTournamentConsole.csproj", "{81D44550-3FB0-4542-B3EC-D8D761C1889D}"
EndProject
Project("{FAE04EC0-301F-11D3-BF4B-00C04F79EFBC}") = "BusinessLayer", "BusinessLayer\BusinessLayer.csproj", "{D0886025-4704-420C-8D35-0F4ED38046E3}"
EndProject
Project("{FAE04EC0-301F-11D3-BF4B-00C04F79EFBC}") = "StubDataAccessLayer", "StubDataAccessLayer\StubDataAccessLayer.csproj", "{B688F1BC-12D4-41F1-A7D1-D56964D851B1}"
EndProject
Project("{FAE04EC0-301F-11D3-BF4B-00C04F79EFBC}") = "EntitiesLayer", "EntitiesLayer\EntitiesLayer.csproj", "{37B07F5E-AD98-483F-A988-2F5351170325}"
EndProject
Project("{FAE04EC0-301F-11D3-BF4B-00C04F79EFBC}") = "DataAccessLayer", "DataAccessLayer\DataAccessLayer.csproj", "{097A88C1-AF28-429D-B060-12007EF3E77D}"
EndProject
Global
	GlobalSection(SolutionConfigurationPlatforms) = preSolution
		Debug|Any CPU = Debug|Any CPU
		Release|Any CPU = Release|Any CPU
	EndGlobalSection
	GlobalSection(ProjectConfigurationPlatforms) = postSolution
		{81D44550-3FB0-4542-B3EC-D8D761C1889D}.Debug|Any CPU.ActiveCfg = Debug|Any CPU
		{81D44550-3FB0-4542-B3EC-D8D761C1889D}.Debug|Any CPU.Build.0 = Debug|Any CPU
		{81D44550-3FB0-4542-B3EC-D8D761C1889D}.Release|Any CPU.ActiveCfg = Release|Any CPU
		{81D44550-3FB0-4542-B3EC-D8D761C1889D}.Release|Any CPU.Build.0 = Release|Any CPU
		{D0886025-4704-420C-8D35-0F4ED38046E3}.Debug|Any CPU.ActiveCfg = Debug|Any CPU
		{D0886025-4704-420C-8D35-0F4ED38046E3}.Debug|Any CPU.Build.0 = Debug|Any CPU
		{D0886025-4704-420C-8D35-0F4ED38046E3}.Release|Any CPU.ActiveCfg = Release|Any CPU
		{D0886025-4704-420C-8D35-0F4ED38046E3}.Release|Any CPU.Build.0 = Release|Any CPU
		{B688F1BC-12D4-41F1-A7D1-D56964D851B1}.Debug|Any CPU.ActiveCfg = Debug|Any CPU
		{B688F1BC-12D4-41F1-A7D1-D56964D851B1}.Debug|Any CPU.Build.0 = Debug|Any CPU
		{B688F1BC-12D4-41F1-A7D1-D56964D851B1}.Release|Any CPU.ActiveCfg = Release|Any CPU
		{B688F1BC-12D4-41F1-A7D1-D56964D851B1}.Release|Any CPU.Build.0 = Release|Any CPU
		{37B07F5E-AD98-483F-A988-2F5351170325}.Debug|Any CPU.ActiveCfg = Debug|Any CPU
		{37B07F5E-AD98-483F-A988-2F5351170325}.Debug|Any CPU.Build.0 = Debug|Any CPU
		{37B07F5E-AD98-483F-A988-2F5351170325}.Release|Any CPU.ActiveCfg = Release|Any CPU
		{37B07F5E-AD98-483F-A988-2F5351170325}.Release|Any CPU.Build.0 = Release|Any CPU
		{097A88C1-AF28-429D-B060-12007EF3E77D}.Debug|Any CPU.ActiveCfg = Debug|Any CPU
		{097A88C1-AF28-429D-B060-12007EF3E77D}.Debug|Any CPU.Build.0 = Debug|Any CPU
		{097A88C1-AF28-429D-B060-12007EF3E77D}.Release|Any CPU.ActiveCfg = Release|Any CPU
		{097A88C1-AF28-429D-B060-12007EF3E77D}.Release|Any CPU.Build.0 = Release|Any CPU
	EndGlobalSection
	GlobalSection(SolutionProperties) = preSolution
		HideSolutionNode = FALSE
	EndGlobalSection
	GlobalSection(ExtensibilityGlobals) = postSolution
		SolutionGuid = {225463FA-454A-49FC-9273-060227A743B8}
	EndGlobalSection
EndGlobal
